
Microsoft Visual Studio Solution File, Format Version 11.00
# Visual Studio 2010
Project("{8BC9CEB8-8B4A-11D0-8D11-00A0C91BC942}") = "basa_data", "basa_data\basa_data.vcxproj", "{9CA3A9E4-B8F5-4545-99FD-1401D7C7FAFC}"
EndProject
Global
	GlobalSection(SolutionConfigurationPlatforms) = preSolution
		Debug|Win32 = Debug|Win32
		Release|Win32 = Release|Win32
	EndGlobalSection
	GlobalSection(ProjectConfigurationPlatforms) = postSolution
		{9CA3A9E4-B8F5-4545-99FD-1401D7C7FAFC}.Debug|Win32.ActiveCfg = Debug|Win32
		{9CA3A9E4-B8F5-4545-99FD-1401D7C7FAFC}.Debug|Win32.Build.0 = Debug|Win32
		{9CA3A9E4-B8F5-4545-99FD-1401D7C7FAFC}.Release|Win32.ActiveCfg = Release|Win32
		{9CA3A9E4-B8F5-4545-99FD-1401D7C7FAFC}.Release|Win32.Build.0 = Release|Win32
	EndGlobalSection
	GlobalSection(SolutionProperties) = preSolution
		HideSolutionNode = FALSE
	EndGlobalSection
EndGlobal
