
Microsoft Visual Studio Solution File, Format Version 11.00
# Visual Studio 2010
Project("{FAE04EC0-301F-11D3-BF4B-00C04F79EFBC}") = "gameStrtegia", "gameStrtegia\gameStrtegia.csproj", "{8E71B9C7-68D9-427B-ABAE-24C21CEEF177}"
EndProject
Global
	GlobalSection(SolutionConfigurationPlatforms) = preSolution
		Debug|x86 = Debug|x86
		Release|x86 = Release|x86
	EndGlobalSection
	GlobalSection(ProjectConfigurationPlatforms) = postSolution
		{8E71B9C7-68D9-427B-ABAE-24C21CEEF177}.Debug|x86.ActiveCfg = Debug|x86
		{8E71B9C7-68D9-427B-ABAE-24C21CEEF177}.Debug|x86.Build.0 = Debug|x86
		{8E71B9C7-68D9-427B-ABAE-24C21CEEF177}.Release|x86.ActiveCfg = Release|x86
		{8E71B9C7-68D9-427B-ABAE-24C21CEEF177}.Release|x86.Build.0 = Release|x86
	EndGlobalSection
	GlobalSection(SolutionProperties) = preSolution
		HideSolutionNode = FALSE
	EndGlobalSection
EndGlobal
